// !$*UTF8*$!
{
	archiveVersion = 1;
	classes = {
	};
	objectVersion = 56;
	objects = {

/* Begin PBXBuildFile section */
		9320AD782C804E4C005C0345 /* OST1.mp3 in Resources */ = {isa = PBXBuildFile; fileRef = 9320AD772C804E4C005C0345 /* OST1.mp3 */; };
		9320AD7A2C804E51005C0345 /* OST2.mp3 in Resources */ = {isa = PBXBuildFile; fileRef = 9320AD792C804E51005C0345 /* OST2.mp3 */; };
		9320AD7C2C80DAAF005C0345 /* ThirdViewController.swift in Sources */ = {isa = PBXBuildFile; fileRef = 9320AD7B2C80DAAF005C0345 /* ThirdViewController.swift */; };
		93C0516A2C7F1CAE00930938 /* AppDelegate.swift in Sources */ = {isa = PBXBuildFile; fileRef = 93C051692C7F1CAE00930938 /* AppDelegate.swift */; };
		93C0516C2C7F1CAE00930938 /* SceneDelegate.swift in Sources */ = {isa = PBXBuildFile; fileRef = 93C0516B2C7F1CAE00930938 /* SceneDelegate.swift */; };
		93C0516E2C7F1CAE00930938 /* ViewController.swift in Sources */ = {isa = PBXBuildFile; fileRef = 93C0516D2C7F1CAE00930938 /* ViewController.swift */; };
		93C051712C7F1CAE00930938 /* Main.storyboard in Resources */ = {isa = PBXBuildFile; fileRef = 93C0516F2C7F1CAE00930938 /* Main.storyboard */; };
		93C051732C7F1CB000930938 /* Assets.xcassets in Resources */ = {isa = PBXBuildFile; fileRef = 93C051722C7F1CB000930938 /* Assets.xcassets */; };
		93C051762C7F1CB000930938 /* LaunchScreen.storyboard in Resources */ = {isa = PBXBuildFile; fileRef = 93C051742C7F1CB000930938 /* LaunchScreen.storyboard */; };
		93C0517E2C7F298800930938 /* SecondViewController.swift in Sources */ = {isa = PBXBuildFile; fileRef = 93C0517D2C7F298800930938 /* SecondViewController.swift */; };
/* End PBXBuildFile section */

/* Begin PBXFileReference section */
		9320AD772C804E4C005C0345 /* OST1.mp3 */ = {isa = PBXFileReference; lastKnownFileType = audio.mp3; path = OST1.mp3; sourceTree = "<group>"; };
		9320AD792C804E51005C0345 /* OST2.mp3 */ = {isa = PBXFileReference; lastKnownFileType = audio.mp3; path = OST2.mp3; sourceTree = "<group>"; };
		9320AD7B2C80DAAF005C0345 /* ThirdViewController.swift */ = {isa = PBXFileReference; lastKnownFileType = sourcecode.swift; path = ThirdViewController.swift; sourceTree = "<group>"; };
		93C051662C7F1CAE00930938 /* UISlider (Music Player).app */ = {isa = PBXFileReference; explicitFileType = wrapper.application; includeInIndex = 0; path = "UISlider (Music Player).app"; sourceTree = BUILT_PRODUCTS_DIR; };
		93C051692C7F1CAE00930938 /* AppDelegate.swift */ = {isa = PBXFileReference; lastKnownFileType = sourcecode.swift; path = AppDelegate.swift; sourceTree = "<group>"; };
		93C0516B2C7F1CAE00930938 /* SceneDelegate.swift */ = {isa = PBXFileReference; lastKnownFileType = sourcecode.swift; path = SceneDelegate.swift; sourceTree = "<group>"; };
		93C0516D2C7F1CAE00930938 /* ViewController.swift */ = {isa = PBXFileReference; lastKnownFileType = sourcecode.swift; path = ViewController.swift; sourceTree = "<group>"; };
		93C051702C7F1CAE00930938 /* Base */ = {isa = PBXFileReference; lastKnownFileType = file.storyboard; name = Base; path = Base.lproj/Main.storyboard; sourceTree = "<group>"; };
		93C051722C7F1CB000930938 /* Assets.xcassets */ = {isa = PBXFileReference; lastKnownFileType = folder.assetcatalog; path = Assets.xcassets; sourceTree = "<group>"; };
		93C051752C7F1CB000930938 /* Base */ = {isa = PBXFileReference; lastKnownFileType = file.storyboard; name = Base; path = Base.lproj/LaunchScreen.storyboard; sourceTree = "<group>"; };
		93C051772C7F1CB000930938 /* Info.plist */ = {isa = PBXFileReference; lastKnownFileType = text.plist.xml; path = Info.plist; sourceTree = "<group>"; };
		93C0517D2C7F298800930938 /* SecondViewController.swift */ = {isa = PBXFileReference; lastKnownFileType = sourcecode.swift; path = SecondViewController.swift; sourceTree = "<group>"; };
/* End PBXFileReference section */

/* Begin PBXFrameworksBuildPhase section */
		93C051632C7F1CAE00930938 /* Frameworks */ = {
			isa = PBXFrameworksBuildPhase;
			buildActionMask = 2147483647;
			files = (
			);
			runOnlyForDeploymentPostprocessing = 0;
		};
/* End PBXFrameworksBuildPhase section */

/* Begin PBXGroup section */
		93C0515D2C7F1CAE00930938 = {
			isa = PBXGroup;
			children = (
				93C051682C7F1CAE00930938 /* UISlider (Music Player) */,
				93C051672C7F1CAE00930938 /* Products */,
			);
			sourceTree = "<group>";
		};
		93C051672C7F1CAE00930938 /* Products */ = {
			isa = PBXGroup;
			children = (
				93C051662C7F1CAE00930938 /* UISlider (Music Player).app */,
			);
			name = Products;
			sourceTree = "<group>";
		};
		93C051682C7F1CAE00930938 /* UISlider (Music Player) */ = {
			isa = PBXGroup;
			children = (
				93C051692C7F1CAE00930938 /* AppDelegate.swift */,
				93C0516B2C7F1CAE00930938 /* SceneDelegate.swift */,
				93C0516D2C7F1CAE00930938 /* ViewController.swift */,
				93C0517D2C7F298800930938 /* SecondViewController.swift */,
				9320AD7B2C80DAAF005C0345 /* ThirdViewController.swift */,
				9320AD772C804E4C005C0345 /* OST1.mp3 */,
				9320AD792C804E51005C0345 /* OST2.mp3 */,
				93C0516F2C7F1CAE00930938 /* Main.storyboard */,
				93C051722C7F1CB000930938 /* Assets.xcassets */,
				93C051742C7F1CB000930938 /* LaunchScreen.storyboard */,
				93C051772C7F1CB000930938 /* Info.plist */,
			);
			path = "UISlider (Music Player)";
			sourceTree = "<group>";
		};
/* End PBXGroup section */

/* Begin PBXNativeTarget section */
		93C051652C7F1CAE00930938 /* UISlider (Music Player) */ = {
			isa = PBXNativeTarget;
			buildConfigurationList = 93C0517A2C7F1CB000930938 /* Build configuration list for PBXNativeTarget "UISlider (Music Player)" */;
			buildPhases = (
				93C051622C7F1CAE00930938 /* Sources */,
				93C051632C7F1CAE00930938 /* Frameworks */,
				93C051642C7F1CAE00930938 /* Resources */,
			);
			buildRules = (
			);
			dependencies = (
			);
			name = "UISlider (Music Player)";
			productName = "UISlider (Music Player)";
			productReference = 93C051662C7F1CAE00930938 /* UISlider (Music Player).app */;
			productType = "com.apple.product-type.application";
		};
/* End PBXNativeTarget section */

/* Begin PBXProject section */
		93C0515E2C7F1CAE00930938 /* Project object */ = {
			isa = PBXProject;
			attributes = {
				BuildIndependentTargetsInParallel = 1;
				LastSwiftUpdateCheck = 1520;
				LastUpgradeCheck = 1520;
				TargetAttributes = {
					93C051652C7F1CAE00930938 = {
						CreatedOnToolsVersion = 15.2;
					};
				};
			};
			buildConfigurationList = 93C051612C7F1CAE00930938 /* Build configuration list for PBXProject "UISlider (Music Player)" */;
			compatibilityVersion = "Xcode 14.0";
			developmentRegion = en;
			hasScannedForEncodings = 0;
			knownRegions = (
				en,
				Base,
			);
			mainGroup = 93C0515D2C7F1CAE00930938;
			productRefGroup = 93C051672C7F1CAE00930938 /* Products */;
			projectDirPath = "";
			projectRoot = "";
			targets = (
				93C051652C7F1CAE00930938 /* UISlider (Music Player) */,
			);
		};
/* End PBXProject section */

/* Begin PBXResourcesBuildPhase section */
		93C051642C7F1CAE00930938 /* Resources */ = {
			isa = PBXResourcesBuildPhase;
			buildActionMask = 2147483647;
			files = (
				93C051762C7F1CB000930938 /* LaunchScreen.storyboard in Resources */,
				9320AD782C804E4C005C0345 /* OST1.mp3 in Resources */,
				9320AD7A2C804E51005C0345 /* OST2.mp3 in Resources */,
				93C051732C7F1CB000930938 /* Assets.xcassets in Resources */,
				93C051712C7F1CAE00930938 /* Main.storyboard in Resources */,
			);
			runOnlyForDeploymentPostprocessing = 0;
		};
/* End PBXResourcesBuildPhase section */

/* Begin PBXSourcesBuildPhase section */
		93C051622C7F1CAE00930938 /* Sources */ = {
			isa = PBXSourcesBuildPhase;
			buildActionMask = 2147483647;
			files = (
				93C0517E2C7F298800930938 /* SecondViewController.swift in Sources */,
				93C0516E2C7F1CAE00930938 /* ViewController.swift in Sources */,
				9320AD7C2C80DAAF005C0345 /* ThirdViewController.swift in Sources */,
				93C0516A2C7F1CAE00930938 /* AppDelegate.swift in Sources */,
				93C0516C2C7F1CAE00930938 /* SceneDelegate.swift in Sources */,
			);
			runOnlyForDeploymentPostprocessing = 0;
		};
/* End PBXSourcesBuildPhase section */

/* Begin PBXVariantGroup section */
		93C0516F2C7F1CAE00930938 /* Main.storyboard */ = {
			isa = PBXVariantGroup;
			children = (
				93C051702C7F1CAE00930938 /* Base */,
			);
			name = Main.storyboard;
			sourceTree = "<group>";
		};
		93C051742C7F1CB000930938 /* LaunchScreen.storyboard */ = {
			isa = PBXVariantGroup;
			children = (
				93C051752C7F1CB000930938 /* Base */,
			);
			name = LaunchScreen.storyboard;
			sourceTree = "<group>";
		};
/* End PBXVariantGroup section */

/* Begin XCBuildConfiguration section */
		93C051782C7F1CB000930938 /* Debug */ = {
			isa = XCBuildConfiguration;
			buildSettings = {
				ALWAYS_SEARCH_USER_PATHS = NO;
				ASSETCATALOG_COMPILER_GENERATE_SWIFT_ASSET_SYMBOL_EXTENSIONS = YES;
				CLANG_ANALYZER_NONNULL = YES;
				CLANG_ANALYZER_NUMBER_OBJECT_CONVERSION = YES_AGGRESSIVE;
				CLANG_CXX_LANGUAGE_STANDARD = "gnu++20";
				CLANG_ENABLE_MODULES = YES;
				CLANG_ENABLE_OBJC_ARC = YES;
				CLANG_ENABLE_OBJC_WEAK = YES;
				CLANG_WARN_BLOCK_CAPTURE_AUTORELEASING = YES;
				CLANG_WARN_BOOL_CONVERSION = YES;
				CLANG_WARN_COMMA = YES;
				CLANG_WARN_CONSTANT_CONVERSION = YES;
				CLANG_WARN_DEPRECATED_OBJC_IMPLEMENTATIONS = YES;
				CLANG_WARN_DIRECT_OBJC_ISA_USAGE = YES_ERROR;
				CLANG_WARN_DOCUMENTATION_COMMENTS = YES;
				CLANG_WARN_EMPTY_BODY = YES;
				CLANG_WARN_ENUM_CONVERSION = YES;
				CLANG_WARN_INFINITE_RECURSION = YES;
				CLANG_WARN_INT_CONVERSION = YES;
				CLANG_WARN_NON_LITERAL_NULL_CONVERSION = YES;
				CLANG_WARN_OBJC_IMPLICIT_RETAIN_SELF = YES;
				CLANG_WARN_OBJC_LITERAL_CONVERSION = YES;
				CLANG_WARN_OBJC_ROOT_CLASS = YES_ERROR;
				CLANG_WARN_QUOTED_INCLUDE_IN_FRAMEWORK_HEADER = YES;
				CLANG_WARN_RANGE_LOOP_ANALYSIS = YES;
				CLANG_WARN_STRICT_PROTOTYPES = YES;
				CLANG_WARN_SUSPICIOUS_MOVE = YES;
				CLANG_WARN_UNGUARDED_AVAILABILITY = YES_AGGRESSIVE;
				CLANG_WARN_UNREACHABLE_CODE = YES;
				CLANG_WARN__DUPLICATE_METHOD_MATCH = YES;
				COPY_PHASE_STRIP = NO;
				DEBUG_INFORMATION_FORMAT = dwarf;
				ENABLE_STRICT_OBJC_MSGSEND = YES;
				ENABLE_TESTABILITY = YES;
				ENABLE_USER_SCRIPT_SANDBOXING = YES;
				GCC_C_LANGUAGE_STANDARD = gnu17;
				GCC_DYNAMIC_NO_PIC = NO;
				GCC_NO_COMMON_BLOCKS = YES;
				GCC_OPTIMIZATION_LEVEL = 0;
				GCC_PREPROCESSOR_DEFINITIONS = (
					"DEBUG=1",
					"$(inherited)",
				);
				GCC_WARN_64_TO_32_BIT_CONVERSION = YES;
				GCC_WARN_ABOUT_RETURN_TYPE = YES_ERROR;
				GCC_WARN_UNDECLARED_SELECTOR = YES;
				GCC_WARN_UNINITIALIZED_AUTOS = YES_AGGRESSIVE;
				GCC_WARN_UNUSED_FUNCTION = YES;
				GCC_WARN_UNUSED_VARIABLE = YES;
				IPHONEOS_DEPLOYMENT_TARGET = 17.2;
				LOCALIZATION_PREFERS_STRING_CATALOGS = YES;
				MTL_ENABLE_DEBUG_INFO = INCLUDE_SOURCE;
				MTL_FAST_MATH = YES;
				ONLY_ACTIVE_ARCH = YES;
				SDKROOT = iphoneos;
				SWIFT_ACTIVE_COMPILATION_CONDITIONS = "DEBUG $(inherited)";
				SWIFT_OPTIMIZATION_LEVEL = "-Onone";
			};
			name = Debug;
		};
		93C051792C7F1CB000930938 /* Release */ = {
			isa = XCBuildConfiguration;
			buildSettings = {
				ALWAYS_SEARCH_USER_PATHS = NO;
				ASSETCATALOG_COMPILER_GENERATE_SWIFT_ASSET_SYMBOL_EXTENSIONS = YES;
				CLANG_ANALYZER_NONNULL = YES;
				CLANG_ANALYZER_NUMBER_OBJECT_CONVERSION = YES_AGGRESSIVE;
				CLANG_CXX_LANGUAGE_STANDARD = "gnu++20";
				CLANG_ENABLE_MODULES = YES;
				CLANG_ENABLE_OBJC_ARC = YES;
				CLANG_ENABLE_OBJC_WEAK = YES;
				CLANG_WARN_BLOCK_CAPTURE_AUTORELEASING = YES;
				CLANG_WARN_BOOL_CONVERSION = YES;
				CLANG_WARN_COMMA = YES;
				CLANG_WARN_CONSTANT_CONVERSION = YES;
				CLANG_WARN_DEPRECATED_OBJC_IMPLEMENTATIONS = YES;
				CLANG_WARN_DIRECT_OBJC_ISA_USAGE = YES_ERROR;
				CLANG_WARN_DOCUMENTATION_COMMENTS = YES;
				CLANG_WARN_EMPTY_BODY = YES;
				CLANG_WARN_ENUM_CONVERSION = YES;
				CLANG_WARN_INFINITE_RECURSION = YES;
				CLANG_WARN_INT_CONVERSION = YES;
				CLANG_WARN_NON_LITERAL_NULL_CONVERSION = YES;
				CLANG_WARN_OBJC_IMPLICIT_RETAIN_SELF = YES;
				CLANG_WARN_OBJC_LITERAL_CONVERSION = YES;
				CLANG_WARN_OBJC_ROOT_CLASS = YES_ERROR;
				CLANG_WARN_QUOTED_INCLUDE_IN_FRAMEWORK_HEADER = YES;
				CLANG_WARN_RANGE_LOOP_ANALYSIS = YES;
				CLANG_WARN_STRICT_PROTOTYPES = YES;
				CLANG_WARN_SUSPICIOUS_MOVE = YES;
				CLANG_WARN_UNGUARDED_AVAILABILITY = YES_AGGRESSIVE;
				CLANG_WARN_UNREACHABLE_CODE = YES;
				CLANG_WARN__DUPLICATE_METHOD_MATCH = YES;
				COPY_PHASE_STRIP = NO;
				DEBUG_INFORMATION_FORMAT = "dwarf-with-dsym";
				ENABLE_NS_ASSERTIONS = NO;
				ENABLE_STRICT_OBJC_MSGSEND = YES;
				ENABLE_USER_SCRIPT_SANDBOXING = YES;
				GCC_C_LANGUAGE_STANDARD = gnu17;
				GCC_NO_COMMON_BLOCKS = YES;
				GCC_WARN_64_TO_32_BIT_CONVERSION = YES;
				GCC_WARN_ABOUT_RETURN_TYPE = YES_ERROR;
				GCC_WARN_UNDECLARED_SELECTOR = YES;
				GCC_WARN_UNINITIALIZED_AUTOS = YES_AGGRESSIVE;
				GCC_WARN_UNUSED_FUNCTION = YES;
				GCC_WARN_UNUSED_VARIABLE = YES;
				IPHONEOS_DEPLOYMENT_TARGET = 17.2;
				LOCALIZATION_PREFERS_STRING_CATALOGS = YES;
				MTL_ENABLE_DEBUG_INFO = NO;
				MTL_FAST_MATH = YES;
				SDKROOT = iphoneos;
				SWIFT_COMPILATION_MODE = wholemodule;
				VALIDATE_PRODUCT = YES;
			};
			name = Release;
		};
		93C0517B2C7F1CB000930938 /* Debug */ = {
			isa = XCBuildConfiguration;
			buildSettings = {
				ASSETCATALOG_COMPILER_APPICON_NAME = AppIcon;
				ASSETCATALOG_COMPILER_GLOBAL_ACCENT_COLOR_NAME = AccentColor;
				CODE_SIGN_STYLE = Automatic;
				CURRENT_PROJECT_VERSION = 1;
				DEVELOPMENT_TEAM = 4P3H2WZL56;
				GENERATE_INFOPLIST_FILE = YES;
				INFOPLIST_FILE = "UISlider (Music Player)/Info.plist";
				INFOPLIST_KEY_CFBundleDisplayName = "MUSIC Player";
				INFOPLIST_KEY_UIApplicationSupportsIndirectInputEvents = YES;
				INFOPLIST_KEY_UILaunchStoryboardName = LaunchScreen;
				INFOPLIST_KEY_UIMainStoryboardFile = Main;
				INFOPLIST_KEY_UISupportedInterfaceOrientations = "UIInterfaceOrientationLandscapeLeft UIInterfaceOrientationLandscapeRight UIInterfaceOrientationPortrait";
				INFOPLIST_KEY_UISupportedInterfaceOrientations_iPad = UIInterfaceOrientationPortrait;
				IPHONEOS_DEPLOYMENT_TARGET = 15.0;
				LD_RUNPATH_SEARCH_PATHS = (
					"$(inherited)",
					"@executable_path/Frameworks",
				);
				MARKETING_VERSION = 1.0;
				PRODUCT_BUNDLE_IDENTIFIER = "com.alexgarkalin.UISlider--Music-Player-";
				PRODUCT_NAME = "$(TARGET_NAME)";
				SUPPORTED_PLATFORMS = "iphoneos iphonesimulator";
				SUPPORTS_MACCATALYST = NO;
				SUPPORTS_MAC_DESIGNED_FOR_IPHONE_IPAD = NO;
				SUPPORTS_XR_DESIGNED_FOR_IPHONE_IPAD = NO;
				SWIFT_EMIT_LOC_STRINGS = YES;
				SWIFT_VERSION = 5.0;
				TARGETED_DEVICE_FAMILY = 1;
			};
			name = Debug;
		};
		93C0517C2C7F1CB000930938 /* Release */ = {
			isa = XCBuildConfiguration;
			buildSettings = {
				ASSETCATALOG_COMPILER_APPICON_NAME = AppIcon;
				ASSETCATALOG_COMPILER_GLOBAL_ACCENT_COLOR_NAME = AccentColor;
				CODE_SIGN_STYLE = Automatic;
				CURRENT_PROJECT_VERSION = 1;
				DEVELOPMENT_TEAM = 4P3H2WZL56;
				GENERATE_INFOPLIST_FILE = YES;
				INFOPLIST_FILE = "UISlider (Music Player)/Info.plist";
				INFOPLIST_KEY_CFBundleDisplayName = "MUSIC Player";
				INFOPLIST_KEY_UIApplicationSupportsIndirectInputEvents = YES;
				INFOPLIST_KEY_UILaunchStoryboardName = LaunchScreen;
				INFOPLIST_KEY_UIMainStoryboardFile = Main;
				INFOPLIST_KEY_UISupportedInterfaceOrientations = "UIInterfaceOrientationLandscapeLeft UIInterfaceOrientationLandscapeRight UIInterfaceOrientationPortrait";
				INFOPLIST_KEY_UISupportedInterfaceOrientations_iPad = UIInterfaceOrientationPortrait;
				IPHONEOS_DEPLOYMENT_TARGET = 15.0;
				LD_RUNPATH_SEARCH_PATHS = (
					"$(inherited)",
					"@executable_path/Frameworks",
				);
				MARKETING_VERSION = 1.0;
				PRODUCT_BUNDLE_IDENTIFIER = "com.alexgarkalin.UISlider--Music-Player-";
				PRODUCT_NAME = "$(TARGET_NAME)";
				SUPPORTED_PLATFORMS = "iphoneos iphonesimulator";
				SUPPORTS_MACCATALYST = NO;
				SUPPORTS_MAC_DESIGNED_FOR_IPHONE_IPAD = NO;
				SUPPORTS_XR_DESIGNED_FOR_IPHONE_IPAD = NO;
				SWIFT_EMIT_LOC_STRINGS = YES;
				SWIFT_VERSION = 5.0;
				TARGETED_DEVICE_FAMILY = 1;
			};
			name = Release;
		};
/* End XCBuildConfiguration section */

/* Begin XCConfigurationList section */
		93C051612C7F1CAE00930938 /* Build configuration list for PBXProject "UISlider (Music Player)" */ = {
			isa = XCConfigurationList;
			buildConfigurations = (
				93C051782C7F1CB000930938 /* Debug */,
				93C051792C7F1CB000930938 /* Release */,
			);
			defaultConfigurationIsVisible = 0;
			defaultConfigurationName = Release;
		};
		93C0517A2C7F1CB000930938 /* Build configuration list for PBXNativeTarget "UISlider (Music Player)" */ = {
			isa = XCConfigurationList;
			buildConfigurations = (
				93C0517B2C7F1CB000930938 /* Debug */,
				93C0517C2C7F1CB000930938 /* Release */,
			);
			defaultConfigurationIsVisible = 0;
			defaultConfigurationName = Release;
		};
/* End XCConfigurationList section */
	};
	rootObject = 93C0515E2C7F1CAE00930938 /* Project object */;
}
